
Microsoft Visual Studio Solution File, Format Version 12.00
# Visual Studio Version 17
VisualStudioVersion = 17.1.32414.318
MinimumVisualStudioVersion = 10.0.40219.1
Project("{9A19103F-16F7-4668-BE54-9A1E7A4F7556}") = "Day04App", "Day03App\Day04App.csproj", "{A3EC42D9-9DE4-4ED2-ADD6-4DF75F8D2051}"
EndProject
Global
	GlobalSection(SolutionConfigurationPlatforms) = preSolution
		Debug|Any CPU = Debug|Any CPU
		Release|Any CPU = Release|Any CPU
	EndGlobalSection
	GlobalSection(ProjectConfigurationPlatforms) = postSolution
		{A3EC42D9-9DE4-4ED2-ADD6-4DF75F8D2051}.Debug|Any CPU.ActiveCfg = Debug|Any CPU
		{A3EC42D9-9DE4-4ED2-ADD6-4DF75F8D2051}.Debug|Any CPU.Build.0 = Debug|Any CPU
		{A3EC42D9-9DE4-4ED2-ADD6-4DF75F8D2051}.Release|Any CPU.ActiveCfg = Release|Any CPU
		{A3EC42D9-9DE4-4ED2-ADD6-4DF75F8D2051}.Release|Any CPU.Build.0 = Release|Any CPU
	EndGlobalSection
	GlobalSection(SolutionProperties) = preSolution
		HideSolutionNode = FALSE
	EndGlobalSection
	GlobalSection(ExtensibilityGlobals) = postSolution
		SolutionGuid = {87044E15-E6D8-41E7-9DE0-EC268B0D9313}
	EndGlobalSection
EndGlobal
